
Microsoft Visual Studio Solution File, Format Version 12.00
# Visual Studio 15
VisualStudioVersion = 15.0.26124.0
MinimumVisualStudioVersion = 15.0.26124.0
Project("{FAE04EC0-301F-11D3-BF4B-00C04F79EFBC}") = "API", "API\API.csproj", "{546CDCD1-355B-4F09-B804-DAE9FFEAE63B}"
EndProject
Project("{FAE04EC0-301F-11D3-BF4B-00C04F79EFBC}") = "Core", "Core\Core.csproj", "{798B9417-855E-45E9-9B01-39C902DEDC72}"
EndProject
Project("{FAE04EC0-301F-11D3-BF4B-00C04F79EFBC}") = "Infrastructure", "Infrastructure\Infrastructure.csproj", "{AE0F163A-9D4B-4A10-9664-0E2003C8D747}"
EndProject
Global
	GlobalSection(SolutionConfigurationPlatforms) = preSolution
		Debug|Any CPU = Debug|Any CPU
		Debug|x64 = Debug|x64
		Debug|x86 = Debug|x86
		Release|Any CPU = Release|Any CPU
		Release|x64 = Release|x64
		Release|x86 = Release|x86
	EndGlobalSection
	GlobalSection(SolutionProperties) = preSolution
		HideSolutionNode = FALSE
	EndGlobalSection
	GlobalSection(ProjectConfigurationPlatforms) = postSolution
		{546CDCD1-355B-4F09-B804-DAE9FFEAE63B}.Debug|Any CPU.ActiveCfg = Debug|Any CPU
		{546CDCD1-355B-4F09-B804-DAE9FFEAE63B}.Debug|Any CPU.Build.0 = Debug|Any CPU
		{546CDCD1-355B-4F09-B804-DAE9FFEAE63B}.Debug|x64.ActiveCfg = Debug|Any CPU
		{546CDCD1-355B-4F09-B804-DAE9FFEAE63B}.Debug|x64.Build.0 = Debug|Any CPU
		{546CDCD1-355B-4F09-B804-DAE9FFEAE63B}.Debug|x86.ActiveCfg = Debug|Any CPU
		{546CDCD1-355B-4F09-B804-DAE9FFEAE63B}.Debug|x86.Build.0 = Debug|Any CPU
		{546CDCD1-355B-4F09-B804-DAE9FFEAE63B}.Release|Any CPU.ActiveCfg = Release|Any CPU
		{546CDCD1-355B-4F09-B804-DAE9FFEAE63B}.Release|Any CPU.Build.0 = Release|Any CPU
		{546CDCD1-355B-4F09-B804-DAE9FFEAE63B}.Release|x64.ActiveCfg = Release|Any CPU
		{546CDCD1-355B-4F09-B804-DAE9FFEAE63B}.Release|x64.Build.0 = Release|Any CPU
		{546CDCD1-355B-4F09-B804-DAE9FFEAE63B}.Release|x86.ActiveCfg = Release|Any CPU
		{546CDCD1-355B-4F09-B804-DAE9FFEAE63B}.Release|x86.Build.0 = Release|Any CPU
		{798B9417-855E-45E9-9B01-39C902DEDC72}.Debug|Any CPU.ActiveCfg = Debug|Any CPU
		{798B9417-855E-45E9-9B01-39C902DEDC72}.Debug|Any CPU.Build.0 = Debug|Any CPU
		{798B9417-855E-45E9-9B01-39C902DEDC72}.Debug|x64.ActiveCfg = Debug|Any CPU
		{798B9417-855E-45E9-9B01-39C902DEDC72}.Debug|x64.Build.0 = Debug|Any CPU
		{798B9417-855E-45E9-9B01-39C902DEDC72}.Debug|x86.ActiveCfg = Debug|Any CPU
		{798B9417-855E-45E9-9B01-39C902DEDC72}.Debug|x86.Build.0 = Debug|Any CPU
		{798B9417-855E-45E9-9B01-39C902DEDC72}.Release|Any CPU.ActiveCfg = Release|Any CPU
		{798B9417-855E-45E9-9B01-39C902DEDC72}.Release|Any CPU.Build.0 = Release|Any CPU
		{798B9417-855E-45E9-9B01-39C902DEDC72}.Release|x64.ActiveCfg = Release|Any CPU
		{798B9417-855E-45E9-9B01-39C902DEDC72}.Release|x64.Build.0 = Release|Any CPU
		{798B9417-855E-45E9-9B01-39C902DEDC72}.Release|x86.ActiveCfg = Release|Any CPU
		{798B9417-855E-45E9-9B01-39C902DEDC72}.Release|x86.Build.0 = Release|Any CPU
		{AE0F163A-9D4B-4A10-9664-0E2003C8D747}.Debug|Any CPU.ActiveCfg = Debug|Any CPU
		{AE0F163A-9D4B-4A10-9664-0E2003C8D747}.Debug|Any CPU.Build.0 = Debug|Any CPU
		{AE0F163A-9D4B-4A10-9664-0E2003C8D747}.Debug|x64.ActiveCfg = Debug|Any CPU
		{AE0F163A-9D4B-4A10-9664-0E2003C8D747}.Debug|x64.Build.0 = Debug|Any CPU
		{AE0F163A-9D4B-4A10-9664-0E2003C8D747}.Debug|x86.ActiveCfg = Debug|Any CPU
		{AE0F163A-9D4B-4A10-9664-0E2003C8D747}.Debug|x86.Build.0 = Debug|Any CPU
		{AE0F163A-9D4B-4A10-9664-0E2003C8D747}.Release|Any CPU.ActiveCfg = Release|Any CPU
		{AE0F163A-9D4B-4A10-9664-0E2003C8D747}.Release|Any CPU.Build.0 = Release|Any CPU
		{AE0F163A-9D4B-4A10-9664-0E2003C8D747}.Release|x64.ActiveCfg = Release|Any CPU
		{AE0F163A-9D4B-4A10-9664-0E2003C8D747}.Release|x64.Build.0 = Release|Any CPU
		{AE0F163A-9D4B-4A10-9664-0E2003C8D747}.Release|x86.ActiveCfg = Release|Any CPU
		{AE0F163A-9D4B-4A10-9664-0E2003C8D747}.Release|x86.Build.0 = Release|Any CPU
	EndGlobalSection
EndGlobal
